{
  "name": "webgis-practice",
  "version": "0.0.0",
  "lockfileVersion": 1,
  "requires": true,
  "dependencies": {
    "dojo": {
      "version": "1.10.10",
      "resolved": "https://registry.npmjs.org/dojo/-/dojo-1.10.10.tgz",
      "integrity": "sha512-kg79C8Yyd317cG3MgXGMH4AeQ8TgNr8H/PpA3BRms7DTfl0CJCRAgGE/C6d9Nw55s1ID/fEsfS+P3bj1s7dWgA=="
    },
    "dojo-node": {
      "version": "4.1.0",
      "resolved": "https://registry.npmjs.org/dojo-node/-/dojo-node-4.1.0.tgz",
      "integrity": "sha1-hgal/ztPLtV+459RaZmc15k4/FM=",
      "requires": {
        "dojo": "1.10.10"
      }
    }
  }
}
